
Microsoft Visual Studio Solution File, Format Version 12.00
# Visual Studio Version 16
VisualStudioVersion = 16.0.30907.101
MinimumVisualStudioVersion = 10.0.40219.1
Project("{8BC9CEB8-8B4A-11D0-8D11-00A0C91BC942}") = "Turystyka_DFS", "Turystyka_DFS\Turystyka_DFS.vcxproj", "{6CEF1050-F611-4D67-8F40-159B705800CC}"
EndProject
Global
	GlobalSection(SolutionConfigurationPlatforms) = preSolution
		Debug|x64 = Debug|x64
		Debug|x86 = Debug|x86
		Release|x64 = Release|x64
		Release|x86 = Release|x86
	EndGlobalSection
	GlobalSection(ProjectConfigurationPlatforms) = postSolution
		{6CEF1050-F611-4D67-8F40-159B705800CC}.Debug|x64.ActiveCfg = Debug|x64
		{6CEF1050-F611-4D67-8F40-159B705800CC}.Debug|x64.Build.0 = Debug|x64
		{6CEF1050-F611-4D67-8F40-159B705800CC}.Debug|x86.ActiveCfg = Debug|Win32
		{6CEF1050-F611-4D67-8F40-159B705800CC}.Debug|x86.Build.0 = Debug|Win32
		{6CEF1050-F611-4D67-8F40-159B705800CC}.Release|x64.ActiveCfg = Release|x64
		{6CEF1050-F611-4D67-8F40-159B705800CC}.Release|x64.Build.0 = Release|x64
		{6CEF1050-F611-4D67-8F40-159B705800CC}.Release|x86.ActiveCfg = Release|Win32
		{6CEF1050-F611-4D67-8F40-159B705800CC}.Release|x86.Build.0 = Release|Win32
	EndGlobalSection
	GlobalSection(SolutionProperties) = preSolution
		HideSolutionNode = FALSE
	EndGlobalSection
	GlobalSection(ExtensibilityGlobals) = postSolution
		SolutionGuid = {F59349C1-0D3E-4F82-BC95-B5F40416345D}
	EndGlobalSection
EndGlobal
